
Microsoft Visual Studio Solution File, Format Version 12.00
# Visual Studio Version 17
VisualStudioVersion = 17.7.34202.233
MinimumVisualStudioVersion = 10.0.40219.1
Project("{FAE04EC0-301F-11D3-BF4B-00C04F79EFBC}") = "NetCorePrueba1", "NetCorePrueba1\NetCorePrueba1.csproj", "{D94A5226-31B6-4870-8692-3868F5BBFB5C}"
EndProject
Global
	GlobalSection(SolutionConfigurationPlatforms) = preSolution
		Debug|Any CPU = Debug|Any CPU
		Release|Any CPU = Release|Any CPU
	EndGlobalSection
	GlobalSection(ProjectConfigurationPlatforms) = postSolution
		{D94A5226-31B6-4870-8692-3868F5BBFB5C}.Debug|Any CPU.ActiveCfg = Debug|Any CPU
		{D94A5226-31B6-4870-8692-3868F5BBFB5C}.Debug|Any CPU.Build.0 = Debug|Any CPU
		{D94A5226-31B6-4870-8692-3868F5BBFB5C}.Release|Any CPU.ActiveCfg = Release|Any CPU
		{D94A5226-31B6-4870-8692-3868F5BBFB5C}.Release|Any CPU.Build.0 = Release|Any CPU
	EndGlobalSection
	GlobalSection(SolutionProperties) = preSolution
		HideSolutionNode = FALSE
	EndGlobalSection
	GlobalSection(ExtensibilityGlobals) = postSolution
		SolutionGuid = {B217E478-9F8F-4094-B84A-D523B9260CCD}
	EndGlobalSection
EndGlobal
